# THIS IS AN AUTOGENERATED FILE. DO NOT EDIT THIS FILE DIRECTLY.
# yarn lockfile v1


"@daybrush/utils@^1.0.0", "@daybrush/utils@^1.1.1", "@daybrush/utils@^1.3.1":
  version "1.4.0"
  resolved "https://registry.yarnpkg.com/@daybrush/utils/-/utils-1.4.0.tgz#c42ea6e65c044b8854d3456531deb226f2db7a56"
  integrity sha512-P+l76QjGFwu8IbrFoIHO1equrL02h6wYJLRZ37Snr6o3bPEwPS0mdJqyTZipHMhrWoR44UVtZTUi41GPCDc9PQ==

"@scena/event-emitter@^1.0.3":
  version "1.0.5"
  resolved "https://registry.yarnpkg.com/@scena/event-emitter/-/event-emitter-1.0.5.tgz#047e3acef93cf238d7ce3a8cc5a12ec6bd9c3bb1"
  integrity sha512-AzY4OTb0+7ynefmWFQ6hxDdk0CySAq/D4efljfhtRHCOP7MBF9zUfhKG3TJiroVjASqVgkRJFdenS8ArZo6Olg==
  dependencies:
    "@daybrush/utils" "^1.1.1"

css-styled@^1.0.0:
  version "1.0.0"
  resolved "https://registry.yarnpkg.com/css-styled/-/css-styled-1.0.0.tgz#6fe10a98f95c24fa66cb1c41e11e7c00bcedac13"
  integrity sha512-lDdPvM2/djv+La110zVY3RGQ7X4OOlzLS+IEjRcn8UlUmJd1+GNcGfDFmsKWwnLBupsY1w0QM1gRgV4RdcCjfw==
  dependencies:
    "@daybrush/utils" "^1.0.0"
    string-hash "^1.1.3"

order-map@^0.2.2:
  version "0.2.2"
  resolved "https://registry.yarnpkg.com/order-map/-/order-map-0.2.2.tgz#dcdfd6f81e7eef61ba79c52cfb960be5166ddd9f"
  integrity sha512-X//Db/lT11tdxxutWQfE+bmbTyieDJWrr/vSiwBwOf8RRw9yAgF7gqn1ihFmfX2E7l7gcPcucep3aWFjo5FpoA==
  dependencies:
    "@daybrush/utils" "^1.0.0"

scenejs@^1.4.3:
  version "1.4.3"
  resolved "https://registry.yarnpkg.com/scenejs/-/scenejs-1.4.3.tgz#839bdb70b5db2265b9edc338819c8c2784869ae8"
  integrity sha512-Wam7KlDm1gopDTLCAS1iqePWzbS1fyWV7CwTB1ej3qlCO/w5yhUl1KemrIhocEtV59fmebiYVxw42dWscyvIYA==
  dependencies:
    "@daybrush/utils" "^1.3.1"
    "@scena/event-emitter" "^1.0.3"
    css-styled "^1.0.0"
    order-map "^0.2.2"

string-hash@^1.1.3:
  version "1.1.3"
  resolved "https://registry.yarnpkg.com/string-hash/-/string-hash-1.1.3.tgz#e8aafc0ac1855b4666929ed7dd1275df5d6c811b"
  integrity sha1-6Kr8CsGFW0Zmkp7X3RJ1311sgRs=
